
Microsoft Visual Studio Solution File, Format Version 12.00
# Visual Studio 15
VisualStudioVersion = 15.0.27130.2036
MinimumVisualStudioVersion = 10.0.40219.1
Project("{FAE04EC0-301F-11D3-BF4B-00C04F79EFBC}") = "AkkaDITest", "AkkaDITest\AkkaDITest.csproj", "{76D7ABE2-3C0B-4DA7-9650-8BB26F925D6F}"
EndProject
Project("{FAE04EC0-301F-11D3-BF4B-00C04F79EFBC}") = "AkkaDITest.Tests", "AkkaDITest.Tests\AkkaDITest.Tests.csproj", "{C5199AA7-1254-4E50-87F0-9948497E2AF9}"
EndProject
Global
	GlobalSection(SolutionConfigurationPlatforms) = preSolution
		Debug|Any CPU = Debug|Any CPU
		Release|Any CPU = Release|Any CPU
	EndGlobalSection
	GlobalSection(ProjectConfigurationPlatforms) = postSolution
		{76D7ABE2-3C0B-4DA7-9650-8BB26F925D6F}.Debug|Any CPU.ActiveCfg = Debug|Any CPU
		{76D7ABE2-3C0B-4DA7-9650-8BB26F925D6F}.Debug|Any CPU.Build.0 = Debug|Any CPU
		{76D7ABE2-3C0B-4DA7-9650-8BB26F925D6F}.Release|Any CPU.ActiveCfg = Release|Any CPU
		{76D7ABE2-3C0B-4DA7-9650-8BB26F925D6F}.Release|Any CPU.Build.0 = Release|Any CPU
		{C5199AA7-1254-4E50-87F0-9948497E2AF9}.Debug|Any CPU.ActiveCfg = Debug|Any CPU
		{C5199AA7-1254-4E50-87F0-9948497E2AF9}.Debug|Any CPU.Build.0 = Debug|Any CPU
		{C5199AA7-1254-4E50-87F0-9948497E2AF9}.Release|Any CPU.ActiveCfg = Release|Any CPU
		{C5199AA7-1254-4E50-87F0-9948497E2AF9}.Release|Any CPU.Build.0 = Release|Any CPU
	EndGlobalSection
	GlobalSection(SolutionProperties) = preSolution
		HideSolutionNode = FALSE
	EndGlobalSection
	GlobalSection(ExtensibilityGlobals) = postSolution
		SolutionGuid = {68C28292-1501-457B-B1FC-0BCCD2925488}
	EndGlobalSection
EndGlobal
